// !$*UTF8*$!
{
	archiveVersion = 1;
	classes = {
	};
	objectVersion = 77;
	objects = {

/* Begin PBXFileReference section */
		7F0000000000000000000011 /* SeventyFive.app */ = {isa = PBXFileReference; explicitFileType = wrapper.application; includeInIndex = 0; path = SeventyFive.app; sourceTree = BUILT_PRODUCTS_DIR; };
		7F0000000000000000000031 /* SeventyFiveTests.xctest */ = {isa = PBXFileReference; explicitFileType = wrapper.cfbundle; includeInIndex = 0; path = SeventyFiveTests.xctest; sourceTree = BUILT_PRODUCTS_DIR; };
/* End PBXFileReference section */

/* Begin PBXFileSystemSynchronizedRootGroup section */
		7F0000000000000000000015 /* SeventyFive */ = {isa = PBXFileSystemSynchronizedRootGroup; path = SeventyFive; sourceTree = "<group>"; };
		7F0000000000000000000035 /* SeventyFiveTests */ = {isa = PBXFileSystemSynchronizedRootGroup; path = SeventyFiveTests; sourceTree = "<group>"; };
/* End PBXFileSystemSynchronizedRootGroup section */

/* Begin PBXFrameworksBuildPhase section */
		7F0000000000000000000013 /* Frameworks */ = {
			isa = PBXFrameworksBuildPhase;
			buildActionMask = 2147483647;
			files = (
			);
			runOnlyForDeploymentPostprocessing = 0;
		};
		7F0000000000000000000033 /* Frameworks */ = {
			isa = PBXFrameworksBuildPhase;
			buildActionMask = 2147483647;
			files = (
			);
			runOnlyForDeploymentPostprocessing = 0;
		};
/* End PBXFrameworksBuildPhase section */

/* Begin PBXGroup section */
		7F0000000000000000000002 = {
			isa = PBXGroup;
			children = (
				7F0000000000000000000015 /* SeventyFive */,
				7F0000000000000000000035 /* SeventyFiveTests */,
				7F0000000000000000000003 /* Products */,
			);
			sourceTree = "<group>";
		};
		7F0000000000000000000003 /* Products */ = {
			isa = PBXGroup;
			children = (
				7F0000000000000000000011 /* SeventyFive.app */,
				7F0000000000000000000031 /* SeventyFiveTests.xctest */,
			);
			name = Products;
			sourceTree = "<group>";
		};
/* End PBXGroup section */

/* Begin PBXNativeTarget section */
		7F0000000000000000000010 /* SeventyFive */ = {
			isa = PBXNativeTarget;
			buildConfigurationList = 7F0000000000000000000016 /* Build configuration list for PBXNativeTarget "SeventyFive" */;
			buildPhases = (
				7F0000000000000000000012 /* Sources */,
				7F0000000000000000000013 /* Frameworks */,
				7F0000000000000000000014 /* Resources */,
			);
			buildRules = (
			);
			dependencies = (
			);
			fileSystemSynchronizedGroups = (
				7F0000000000000000000015 /* SeventyFive */,
			);
			name = SeventyFive;
			packageProductDependencies = (
			);
			productName = SeventyFive;
			productReference = 7F0000000000000000000011 /* SeventyFive.app */;
			productType = "com.apple.product-type.application";
		};
		7F0000000000000000000030 /* SeventyFiveTests */ = {
			isa = PBXNativeTarget;
			buildConfigurationList = 7F0000000000000000000036 /* Build configuration list for PBXNativeTarget "SeventyFiveTests" */;
			buildPhases = (
				7F0000000000000000000032 /* Sources */,
				7F0000000000000000000033 /* Frameworks */,
				7F0000000000000000000034 /* Resources */,
			);
			buildRules = (
			);
			dependencies = (
				7F0000000000000000000040 /* PBXTargetDependency */,
			);
			fileSystemSynchronizedGroups = (
				7F0000000000000000000035 /* SeventyFiveTests */,
			);
			name = SeventyFiveTests;
			packageProductDependencies = (
			);
			productName = SeventyFiveTests;
			productReference = 7F0000000000000000000031 /* SeventyFiveTests.xctest */;
			productType = "com.apple.product-type.bundle.unit-test";
		};
/* End PBXNativeTarget section */

/* Begin PBXProject section */
		7F0000000000000000000001 /* Project object */ = {
			isa = PBXProject;
			attributes = {
				BuildIndependentTargetsInParallel = 1;
				LastSwiftUpdateCheck = 1600;
				LastUpgradeCheck = 1600;
				TargetAttributes = {
					7F0000000000000000000010 = {
						CreatedOnToolsVersion = 16.0;
					};
					7F0000000000000000000030 = {
						CreatedOnToolsVersion = 16.0;
						TestTargetID = 7F0000000000000000000010;
					};
				};
			};
			buildConfigurationList = 7F0000000000000000000020 /* Build configuration list for PBXProject "SeventyFive" */;
			developmentRegion = en;
			hasScannedForEncodings = 0;
			knownRegions = (
				en,
				Base,
			);
			mainGroup = 7F0000000000000000000002;
			minimizedProjectReferenceProxies = 1;
			preferredProjectObjectVersion = 77;
			productRefGroup = 7F0000000000000000000003 /* Products */;
			projectDirPath = "";
			projectRoot = "";
			targets = (
				7F0000000000000000000010 /* SeventyFive */,
				7F0000000000000000000030 /* SeventyFiveTests */,
			);
		};
/* End PBXProject section */

/* Begin PBXResourcesBuildPhase section */
		7F0000000000000000000014 /* Resources */ = {
			isa = PBXResourcesBuildPhase;
			buildActionMask = 2147483647;
			files = (
			);
			runOnlyForDeploymentPostprocessing = 0;
		};
		7F0000000000000000000034 /* Resources */ = {
			isa = PBXResourcesBuildPhase;
			buildActionMask = 2147483647;
			files = (
			);
			runOnlyForDeploymentPostprocessing = 0;
		};
/* End PBXResourcesBuildPhase section */

/* Begin PBXSourcesBuildPhase section */
		7F0000000000000000000012 /* Sources */ = {
			isa = PBXSourcesBuildPhase;
			buildActionMask = 2147483647;
			files = (
			);
			runOnlyForDeploymentPostprocessing = 0;
		};
		7F0000000000000000000032 /* Sources */ = {
			isa = PBXSourcesBuildPhase;
			buildActionMask = 2147483647;
			files = (
			);
			runOnlyForDeploymentPostprocessing = 0;
		};
/* End PBXSourcesBuildPhase section */

/* Begin PBXTargetDependency section */
		7F0000000000000000000040 /* PBXTargetDependency */ = {
			isa = PBXTargetDependency;
			target = 7F0000000000000000000010 /* SeventyFive */;
			targetProxy = 7F0000000000000000000041 /* PBXContainerItemProxy */;
		};
/* End PBXTargetDependency section */

/* Begin PBXContainerItemProxy section */
		7F0000000000000000000041 /* PBXContainerItemProxy */ = {
			isa = PBXContainerItemProxy;
			containerPortal = 7F0000000000000000000001 /* Project object */;
			proxyType = 1;
			remoteGlobalIDString = 7F0000000000000000000010;
			remoteInfo = SeventyFive;
		};
/* End PBXContainerItemProxy section */

/* Begin XCBuildConfiguration section */
		7F0000000000000000000021 /* Debug */ = {
			isa = XCBuildConfiguration;
			buildSettings = {
				ALWAYS_SEARCH_USER_PATHS = NO;
				ASSETCATALOG_COMPILER_GENERATE_SWIFT_ASSET_SYMBOL_EXTENSIONS = YES;
				CLANG_ANALYZER_NONNULL = YES;
				CLANG_ENABLE_MODULES = YES;
				CLANG_ENABLE_OBJC_ARC = YES;
				COPY_PHASE_STRIP = NO;
				DEBUG_INFORMATION_FORMAT = dwarf;
				ENABLE_STRICT_OBJC_MSGSEND = YES;
				ENABLE_TESTABILITY = YES;
				ENABLE_USER_SCRIPT_SANDBOXING = YES;
				GCC_C_LANGUAGE_STANDARD = gnu17;
				GCC_DYNAMIC_NO_PIC = NO;
				GCC_NO_COMMON_BLOCKS = YES;
				GCC_OPTIMIZATION_LEVEL = 0;
				GCC_PREPROCESSOR_DEFINITIONS = (
					"DEBUG=1",
					"$(inherited)",
				);
				IPHONEOS_DEPLOYMENT_TARGET = 17.0;
				LOCALIZATION_PREFERS_STRING_CATALOGS = YES;
				MTL_ENABLE_DEBUG_INFO = INCLUDE_SOURCE;
				MTL_FAST_MATH = YES;
				ONLY_ACTIVE_ARCH = YES;
				SDKROOT = iphoneos;
				SWIFT_ACTIVE_COMPILATION_CONDITIONS = "DEBUG $(inherited)";
				SWIFT_OPTIMIZATION_LEVEL = "-Onone";
				SWIFT_VERSION = 5.0;
			};
			name = Debug;
		};
		7F0000000000000000000022 /* Release */ = {
			isa = XCBuildConfiguration;
			buildSettings = {
				ALWAYS_SEARCH_USER_PATHS = NO;
				ASSETCATALOG_COMPILER_GENERATE_SWIFT_ASSET_SYMBOL_EXTENSIONS = YES;
				CLANG_ANALYZER_NONNULL = YES;
				CLANG_ENABLE_MODULES = YES;
				CLANG_ENABLE_OBJC_ARC = YES;
				COPY_PHASE_STRIP = NO;
				DEBUG_INFORMATION_FORMAT = "dwarf-with-dsym";
				ENABLE_NS_ASSERTIONS = NO;
				ENABLE_STRICT_OBJC_MSGSEND = YES;
				ENABLE_USER_SCRIPT_SANDBOXING = YES;
				GCC_C_LANGUAGE_STANDARD = gnu17;
				GCC_NO_COMMON_BLOCKS = YES;
				IPHONEOS_DEPLOYMENT_TARGET = 17.0;
				LOCALIZATION_PREFERS_STRING_CATALOGS = YES;
				MTL_ENABLE_DEBUG_INFO = NO;
				MTL_FAST_MATH = YES;
				SDKROOT = iphoneos;
				SWIFT_COMPILATION_MODE = wholemodule;
				SWIFT_VERSION = 5.0;
				VALIDATE_PRODUCT = YES;
			};
			name = Release;
		};
		7F0000000000000000000017 /* Debug */ = {
			isa = XCBuildConfiguration;
			buildSettings = {
				ASSETCATALOG_COMPILER_APPICON_NAME = AppIcon;
				ASSETCATALOG_COMPILER_GLOBAL_ACCENT_COLOR_NAME = AccentColor;
				CODE_SIGN_STYLE = Automatic;
				CURRENT_PROJECT_VERSION = 1;
				DEVELOPMENT_ASSET_PATHS = "";
				ENABLE_PREVIEWS = YES;
				GENERATE_INFOPLIST_FILE = YES;
				INFOPLIST_KEY_CFBundleDisplayName = "75 Adaptive";
				INFOPLIST_KEY_NSCameraUsageDescription = "Take your daily progress photo. Photos stay on this device and are never uploaded.";
				INFOPLIST_KEY_NSPhotoLibraryUsageDescription = "Choose a progress photo from your library. Photos stay on this device and are never uploaded.";
				INFOPLIST_KEY_UIApplicationSceneManifest_Generation = YES;
				INFOPLIST_KEY_UIApplicationSupportsIndirectInputEvents = YES;
				INFOPLIST_KEY_UILaunchScreen_Generation = YES;
				INFOPLIST_KEY_UISupportedInterfaceOrientations_iPad = "UIInterfaceOrientationPortrait UIInterfaceOrientationPortraitUpsideDown UIInterfaceOrientationLandscapeLeft UIInterfaceOrientationLandscapeRight";
				INFOPLIST_KEY_UISupportedInterfaceOrientations_iPhone = "UIInterfaceOrientationPortrait UIInterfaceOrientationLandscapeLeft UIInterfaceOrientationLandscapeRight";
				LD_RUNPATH_SEARCH_PATHS = (
					"$(inherited)",
					"@executable_path/Frameworks",
				);
				MARKETING_VERSION = 1.0;
				PRODUCT_BUNDLE_IDENTIFIER = com.example.SeventyFive;
				PRODUCT_NAME = "$(TARGET_NAME)";
				SWIFT_EMIT_LOC_STRINGS = YES;
				TARGETED_DEVICE_FAMILY = "1,2";
			};
			name = Debug;
		};
		7F0000000000000000000018 /* Release */ = {
			isa = XCBuildConfiguration;
			buildSettings = {
				ASSETCATALOG_COMPILER_APPICON_NAME = AppIcon;
				ASSETCATALOG_COMPILER_GLOBAL_ACCENT_COLOR_NAME = AccentColor;
				CODE_SIGN_STYLE = Automatic;
				CURRENT_PROJECT_VERSION = 1;
				DEVELOPMENT_ASSET_PATHS = "";
				ENABLE_PREVIEWS = YES;
				GENERATE_INFOPLIST_FILE = YES;
				INFOPLIST_KEY_CFBundleDisplayName = "75 Adaptive";
				INFOPLIST_KEY_NSCameraUsageDescription = "Take your daily progress photo. Photos stay on this device and are never uploaded.";
				INFOPLIST_KEY_NSPhotoLibraryUsageDescription = "Choose a progress photo from your library. Photos stay on this device and are never uploaded.";
				INFOPLIST_KEY_UIApplicationSceneManifest_Generation = YES;
				INFOPLIST_KEY_UIApplicationSupportsIndirectInputEvents = YES;
				INFOPLIST_KEY_UILaunchScreen_Generation = YES;
				INFOPLIST_KEY_UISupportedInterfaceOrientations_iPad = "UIInterfaceOrientationPortrait UIInterfaceOrientationPortraitUpsideDown UIInterfaceOrientationLandscapeLeft UIInterfaceOrientationLandscapeRight";
				INFOPLIST_KEY_UISupportedInterfaceOrientations_iPhone = "UIInterfaceOrientationPortrait UIInterfaceOrientationLandscapeLeft UIInterfaceOrientationLandscapeRight";
				LD_RUNPATH_SEARCH_PATHS = (
					"$(inherited)",
					"@executable_path/Frameworks",
				);
				MARKETING_VERSION = 1.0;
				PRODUCT_BUNDLE_IDENTIFIER = com.example.SeventyFive;
				PRODUCT_NAME = "$(TARGET_NAME)";
				SWIFT_EMIT_LOC_STRINGS = YES;
				TARGETED_DEVICE_FAMILY = "1,2";
			};
			name = Release;
		};
		7F0000000000000000000037 /* Debug */ = {
			isa = XCBuildConfiguration;
			buildSettings = {
				BUNDLE_LOADER = "$(TEST_HOST)";
				CODE_SIGN_STYLE = Automatic;
				CURRENT_PROJECT_VERSION = 1;
				GENERATE_INFOPLIST_FILE = YES;
				IPHONEOS_DEPLOYMENT_TARGET = 17.0;
				MARKETING_VERSION = 1.0;
				PRODUCT_BUNDLE_IDENTIFIER = com.example.SeventyFiveTests;
				PRODUCT_NAME = "$(TARGET_NAME)";
				SWIFT_EMIT_LOC_STRINGS = NO;
				TARGETED_DEVICE_FAMILY = "1,2";
				TEST_HOST = "$(BUILT_PRODUCTS_DIR)/SeventyFive.app/$(BUNDLE_EXECUTABLE_FOLDER_PATH)/SeventyFive";
			};
			name = Debug;
		};
		7F0000000000000000000038 /* Release */ = {
			isa = XCBuildConfiguration;
			buildSettings = {
				BUNDLE_LOADER = "$(TEST_HOST)";
				CODE_SIGN_STYLE = Automatic;
				CURRENT_PROJECT_VERSION = 1;
				GENERATE_INFOPLIST_FILE = YES;
				IPHONEOS_DEPLOYMENT_TARGET = 17.0;
				MARKETING_VERSION = 1.0;
				PRODUCT_BUNDLE_IDENTIFIER = com.example.SeventyFiveTests;
				PRODUCT_NAME = "$(TARGET_NAME)";
				SWIFT_EMIT_LOC_STRINGS = NO;
				TARGETED_DEVICE_FAMILY = "1,2";
				TEST_HOST = "$(BUILT_PRODUCTS_DIR)/SeventyFive.app/$(BUNDLE_EXECUTABLE_FOLDER_PATH)/SeventyFive";
			};
			name = Release;
		};
/* End XCBuildConfiguration section */

/* Begin XCConfigurationList section */
		7F0000000000000000000020 /* Build configuration list for PBXProject "SeventyFive" */ = {
			isa = XCConfigurationList;
			buildConfigurations = (
				7F0000000000000000000021 /* Debug */,
				7F0000000000000000000022 /* Release */,
			);
			defaultConfigurationIsVisible = 0;
			defaultConfigurationName = Release;
		};
		7F0000000000000000000016 /* Build configuration list for PBXNativeTarget "SeventyFive" */ = {
			isa = XCConfigurationList;
			buildConfigurations = (
				7F0000000000000000000017 /* Debug */,
				7F0000000000000000000018 /* Release */,
			);
			defaultConfigurationIsVisible = 0;
			defaultConfigurationName = Release;
		};
		7F0000000000000000000036 /* Build configuration list for PBXNativeTarget "SeventyFiveTests" */ = {
			isa = XCConfigurationList;
			buildConfigurations = (
				7F0000000000000000000037 /* Debug */,
				7F0000000000000000000038 /* Release */,
			);
			defaultConfigurationIsVisible = 0;
			defaultConfigurationName = Release;
		};
/* End XCConfigurationList section */
	};
	rootObject = 7F0000000000000000000001 /* Project object */;
}
